
Microsoft Visual Studio Solution File, Format Version 12.00
# Visual Studio Version 17
VisualStudioVersion = 17.5.33530.505
MinimumVisualStudioVersion = 10.0.40219.1
Project("{9A19103F-16F7-4668-BE54-9A1E7A4F7556}") = "RestaurantDeliveryOnline", "Restaurant delivery online\RestaurantDeliveryOnline.csproj", "{3AE360C2-FEF5-484F-A847-5AB45A7AAC11}"
EndProject
Project("{9A19103F-16F7-4668-BE54-9A1E7A4F7556}") = "Core", "Core\Core.csproj", "{5035C2BC-0633-4FC4-8281-965E3CDA99F6}"
EndProject
Project("{9A19103F-16F7-4668-BE54-9A1E7A4F7556}") = "Infrastructure", "Infrastructure\Infrastructure.csproj", "{0844A09E-79BD-4FB2-BB6A-8314D90F6845}"
EndProject
Global
	GlobalSection(SolutionConfigurationPlatforms) = preSolution
		Debug|Any CPU = Debug|Any CPU
		Release|Any CPU = Release|Any CPU
	EndGlobalSection
	GlobalSection(ProjectConfigurationPlatforms) = postSolution
		{3AE360C2-FEF5-484F-A847-5AB45A7AAC11}.Debug|Any CPU.ActiveCfg = Debug|Any CPU
		{3AE360C2-FEF5-484F-A847-5AB45A7AAC11}.Debug|Any CPU.Build.0 = Debug|Any CPU
		{3AE360C2-FEF5-484F-A847-5AB45A7AAC11}.Release|Any CPU.ActiveCfg = Release|Any CPU
		{3AE360C2-FEF5-484F-A847-5AB45A7AAC11}.Release|Any CPU.Build.0 = Release|Any CPU
		{5035C2BC-0633-4FC4-8281-965E3CDA99F6}.Debug|Any CPU.ActiveCfg = Debug|Any CPU
		{5035C2BC-0633-4FC4-8281-965E3CDA99F6}.Debug|Any CPU.Build.0 = Debug|Any CPU
		{5035C2BC-0633-4FC4-8281-965E3CDA99F6}.Release|Any CPU.ActiveCfg = Release|Any CPU
		{5035C2BC-0633-4FC4-8281-965E3CDA99F6}.Release|Any CPU.Build.0 = Release|Any CPU
		{0844A09E-79BD-4FB2-BB6A-8314D90F6845}.Debug|Any CPU.ActiveCfg = Debug|Any CPU
		{0844A09E-79BD-4FB2-BB6A-8314D90F6845}.Debug|Any CPU.Build.0 = Debug|Any CPU
		{0844A09E-79BD-4FB2-BB6A-8314D90F6845}.Release|Any CPU.ActiveCfg = Release|Any CPU
		{0844A09E-79BD-4FB2-BB6A-8314D90F6845}.Release|Any CPU.Build.0 = Release|Any CPU
	EndGlobalSection
	GlobalSection(SolutionProperties) = preSolution
		HideSolutionNode = FALSE
	EndGlobalSection
	GlobalSection(ExtensibilityGlobals) = postSolution
		SolutionGuid = {980EC6AE-DA7A-4D76-BBE0-DE0E5F1C5790}
	EndGlobalSection
EndGlobal
